
Microsoft Visual Studio Solution File, Format Version 12.00
# Visual Studio 2012
Project("{FAE04EC0-301F-11D3-BF4B-00C04F79EFBC}") = "Blog.Common", "Blog.Common\Blog.Common.csproj", "{C6D69728-00B9-491C-A8D4-84E243C19BD4}"
EndProject
Global
	GlobalSection(SolutionConfigurationPlatforms) = preSolution
		Debug|Any CPU = Debug|Any CPU
		Release|Any CPU = Release|Any CPU
	EndGlobalSection
	GlobalSection(ProjectConfigurationPlatforms) = postSolution
		{C6D69728-00B9-491C-A8D4-84E243C19BD4}.Debug|Any CPU.ActiveCfg = Debug|Any CPU
		{C6D69728-00B9-491C-A8D4-84E243C19BD4}.Debug|Any CPU.Build.0 = Debug|Any CPU
		{C6D69728-00B9-491C-A8D4-84E243C19BD4}.Release|Any CPU.ActiveCfg = Release|Any CPU
		{C6D69728-00B9-491C-A8D4-84E243C19BD4}.Release|Any CPU.Build.0 = Release|Any CPU
	EndGlobalSection
	GlobalSection(MonoDevelopProperties) = preSolution
		Policies = $0
		$0.VersionControlPolicy = $1
	EndGlobalSection
EndGlobal
