
Microsoft Visual Studio Solution File, Format Version 12.00
# Visual Studio 2012
Project("{FAE04EC0-301F-11D3-BF4B-00C04F79EFBC}") = "Blog.Common", "Blog.Common\Blog.Common.csproj", "{C6D69728-00B9-491C-A8D4-84E243C19BD4}"
EndProject
Project("{FAE04EC0-301F-11D3-BF4B-00C04F79EFBC}") = "Blog.Business", "Blog.Business\Blog.Business.csproj", "{8DB19403-9CA3-4B73-A127-986D507A0E9C}"
EndProject
Project("{FAE04EC0-301F-11D3-BF4B-00C04F79EFBC}") = "Blog.Resource", "Blog.Resource\Blog.Resource.csproj", "{662B248C-D8A3-48AF-BF0D-6CE5DCAA7C1D}"
EndProject
Project("{FAE04EC0-301F-11D3-BF4B-00C04F79EFBC}") = "Blog.UI", "Blog.UI\Blog.UI.csproj", "{7F80924F-CA3B-40EA-A19F-88E72C1219B6}"
EndProject
Project("{FAE04EC0-301F-11D3-BF4B-00C04F79EFBC}") = "Blog.UI.Tests", "Blog.UI.Tests\Blog.UI.Tests.csproj", "{B4A960AE-E820-4066-8774-6786394EB4F0}"
EndProject
Global
	GlobalSection(SolutionConfigurationPlatforms) = preSolution
		Debug|Any CPU = Debug|Any CPU
		Release|Any CPU = Release|Any CPU
	EndGlobalSection
	GlobalSection(ProjectConfigurationPlatforms) = postSolution
		{C6D69728-00B9-491C-A8D4-84E243C19BD4}.Debug|Any CPU.ActiveCfg = Debug|Any CPU
		{C6D69728-00B9-491C-A8D4-84E243C19BD4}.Debug|Any CPU.Build.0 = Debug|Any CPU
		{C6D69728-00B9-491C-A8D4-84E243C19BD4}.Release|Any CPU.ActiveCfg = Release|Any CPU
		{C6D69728-00B9-491C-A8D4-84E243C19BD4}.Release|Any CPU.Build.0 = Release|Any CPU
		{8DB19403-9CA3-4B73-A127-986D507A0E9C}.Debug|Any CPU.ActiveCfg = Debug|Any CPU
		{8DB19403-9CA3-4B73-A127-986D507A0E9C}.Debug|Any CPU.Build.0 = Debug|Any CPU
		{8DB19403-9CA3-4B73-A127-986D507A0E9C}.Release|Any CPU.ActiveCfg = Release|Any CPU
		{8DB19403-9CA3-4B73-A127-986D507A0E9C}.Release|Any CPU.Build.0 = Release|Any CPU
		{662B248C-D8A3-48AF-BF0D-6CE5DCAA7C1D}.Debug|Any CPU.ActiveCfg = Debug|Any CPU
		{662B248C-D8A3-48AF-BF0D-6CE5DCAA7C1D}.Debug|Any CPU.Build.0 = Debug|Any CPU
		{662B248C-D8A3-48AF-BF0D-6CE5DCAA7C1D}.Release|Any CPU.ActiveCfg = Release|Any CPU
		{662B248C-D8A3-48AF-BF0D-6CE5DCAA7C1D}.Release|Any CPU.Build.0 = Release|Any CPU
		{7F80924F-CA3B-40EA-A19F-88E72C1219B6}.Debug|Any CPU.ActiveCfg = Debug|Any CPU
		{7F80924F-CA3B-40EA-A19F-88E72C1219B6}.Debug|Any CPU.Build.0 = Debug|Any CPU
		{7F80924F-CA3B-40EA-A19F-88E72C1219B6}.Release|Any CPU.ActiveCfg = Release|Any CPU
		{7F80924F-CA3B-40EA-A19F-88E72C1219B6}.Release|Any CPU.Build.0 = Release|Any CPU
		{B4A960AE-E820-4066-8774-6786394EB4F0}.Debug|Any CPU.ActiveCfg = Debug|Any CPU
		{B4A960AE-E820-4066-8774-6786394EB4F0}.Debug|Any CPU.Build.0 = Debug|Any CPU
		{B4A960AE-E820-4066-8774-6786394EB4F0}.Release|Any CPU.ActiveCfg = Release|Any CPU
		{B4A960AE-E820-4066-8774-6786394EB4F0}.Release|Any CPU.Build.0 = Release|Any CPU
	EndGlobalSection
	GlobalSection(MonoDevelopProperties) = preSolution
		Policies = $0
		$0.VersionControlPolicy = $1
	EndGlobalSection
EndGlobal
